// !$*UTF8*$!
{
	archiveVersion = 1;
	classes = {
	};
	objectVersion = 50;
	objects = {

/* Begin PBXBuildFile section */
		4BB79B9067599F23A986D518 /* Pods_BaseProject_BaseProjectUITests.framework in Frameworks */ = {isa = PBXBuildFile; fileRef = FE98C8591280CDA79AEDFB39 /* Pods_BaseProject_BaseProjectUITests.framework */; };
		51AA49A39C659B172BF5918D /* Pods_BaseProjectUITests.framework in Frameworks */ = {isa = PBXBuildFile; fileRef = B0B76CBC9200055FF341B70A /* Pods_BaseProjectUITests.framework */; };
		7B8CCF42F66FE99567CF8028 /* Pods_BaseProjectTests.framework in Frameworks */ = {isa = PBXBuildFile; fileRef = EC2D05E149E4499CD637F5AA /* Pods_BaseProjectTests.framework */; };
		92FC64CA32488D32BC3F7A87 /* Pods_BaseProject.framework in Frameworks */ = {isa = PBXBuildFile; fileRef = 3B9C71BC081F7CF3986368CC /* Pods_BaseProject.framework */; };
		B7CE9168FB989E1240DAAAB1 /* Pods_BaseProject_BaseProjectTests.framework in Frameworks */ = {isa = PBXBuildFile; fileRef = 2077736AA54322EBF3486DF3 /* Pods_BaseProject_BaseProjectTests.framework */; };
		D09852FF21C48D160060F218 /* AppDelegate.swift in Sources */ = {isa = PBXBuildFile; fileRef = D09852FE21C48D160060F218 /* AppDelegate.swift */; };
		D098530121C48D160060F218 /* ViewController.swift in Sources */ = {isa = PBXBuildFile; fileRef = D098530021C48D160060F218 /* ViewController.swift */; };
		D098530421C48D160060F218 /* Main.storyboard in Resources */ = {isa = PBXBuildFile; fileRef = D098530221C48D160060F218 /* Main.storyboard */; };
		D098530621C48D170060F218 /* Assets.xcassets in Resources */ = {isa = PBXBuildFile; fileRef = D098530521C48D170060F218 /* Assets.xcassets */; };
		D098530921C48D170060F218 /* LaunchScreen.storyboard in Resources */ = {isa = PBXBuildFile; fileRef = D098530721C48D170060F218 /* LaunchScreen.storyboard */; };
		D098531421C48D170060F218 /* BaseProjectTests.swift in Sources */ = {isa = PBXBuildFile; fileRef = D098531321C48D170060F218 /* BaseProjectTests.swift */; };
		D098531F21C48D170060F218 /* BaseProjectUITests.swift in Sources */ = {isa = PBXBuildFile; fileRef = D098531E21C48D170060F218 /* BaseProjectUITests.swift */; };
/* End PBXBuildFile section */

/* Begin PBXContainerItemProxy section */
		D098531021C48D170060F218 /* PBXContainerItemProxy */ = {
			isa = PBXContainerItemProxy;
			containerPortal = D09852F321C48D160060F218 /* Project object */;
			proxyType = 1;
			remoteGlobalIDString = D09852FA21C48D160060F218;
			remoteInfo = BaseProject;
		};
		D098531B21C48D170060F218 /* PBXContainerItemProxy */ = {
			isa = PBXContainerItemProxy;
			containerPortal = D09852F321C48D160060F218 /* Project object */;
			proxyType = 1;
			remoteGlobalIDString = D09852FA21C48D160060F218;
			remoteInfo = BaseProject;
		};
/* End PBXContainerItemProxy section */

/* Begin PBXFileReference section */
		2077736AA54322EBF3486DF3 /* Pods_BaseProject_BaseProjectTests.framework */ = {isa = PBXFileReference; explicitFileType = wrapper.framework; includeInIndex = 0; path = Pods_BaseProject_BaseProjectTests.framework; sourceTree = BUILT_PRODUCTS_DIR; };
		2D0992ED98EF3FEC704ACA45 /* Pods-BaseProject-BaseProjectUITests.debug.xcconfig */ = {isa = PBXFileReference; includeInIndex = 1; lastKnownFileType = text.xcconfig; name = "Pods-BaseProject-BaseProjectUITests.debug.xcconfig"; path = "Pods/Target Support Files/Pods-BaseProject-BaseProjectUITests/Pods-BaseProject-BaseProjectUITests.debug.xcconfig"; sourceTree = "<group>"; };
		3B9C71BC081F7CF3986368CC /* Pods_BaseProject.framework */ = {isa = PBXFileReference; explicitFileType = wrapper.framework; includeInIndex = 0; path = Pods_BaseProject.framework; sourceTree = BUILT_PRODUCTS_DIR; };
		46A781C86CFEAB36A57D82BA /* Pods-BaseProjectUITests.release.xcconfig */ = {isa = PBXFileReference; includeInIndex = 1; lastKnownFileType = text.xcconfig; name = "Pods-BaseProjectUITests.release.xcconfig"; path = "Pods/Target Support Files/Pods-BaseProjectUITests/Pods-BaseProjectUITests.release.xcconfig"; sourceTree = "<group>"; };
		550A47CD0074DEACCC5BDFEB /* Pods-BaseProjectTests.release.xcconfig */ = {isa = PBXFileReference; includeInIndex = 1; lastKnownFileType = text.xcconfig; name = "Pods-BaseProjectTests.release.xcconfig"; path = "Pods/Target Support Files/Pods-BaseProjectTests/Pods-BaseProjectTests.release.xcconfig"; sourceTree = "<group>"; };
		581CB731E4CBE90040D94768 /* Pods-BaseProject.release.xcconfig */ = {isa = PBXFileReference; includeInIndex = 1; lastKnownFileType = text.xcconfig; name = "Pods-BaseProject.release.xcconfig"; path = "Pods/Target Support Files/Pods-BaseProject/Pods-BaseProject.release.xcconfig"; sourceTree = "<group>"; };
		82CFA51170017D9EF58C9A7F /* Pods-BaseProjectUITests.debug.xcconfig */ = {isa = PBXFileReference; includeInIndex = 1; lastKnownFileType = text.xcconfig; name = "Pods-BaseProjectUITests.debug.xcconfig"; path = "Pods/Target Support Files/Pods-BaseProjectUITests/Pods-BaseProjectUITests.debug.xcconfig"; sourceTree = "<group>"; };
		839156135A017A715727BC4A /* Pods-BaseProject-BaseProjectTests.debug.xcconfig */ = {isa = PBXFileReference; includeInIndex = 1; lastKnownFileType = text.xcconfig; name = "Pods-BaseProject-BaseProjectTests.debug.xcconfig"; path = "Pods/Target Support Files/Pods-BaseProject-BaseProjectTests/Pods-BaseProject-BaseProjectTests.debug.xcconfig"; sourceTree = "<group>"; };
		A8DD51F6CAE2947F9402537A /* Pods-BaseProject.debug.xcconfig */ = {isa = PBXFileReference; includeInIndex = 1; lastKnownFileType = text.xcconfig; name = "Pods-BaseProject.debug.xcconfig"; path = "Pods/Target Support Files/Pods-BaseProject/Pods-BaseProject.debug.xcconfig"; sourceTree = "<group>"; };
		A9FCA07FB8B05BD4E288CB17 /* Pods-BaseProjectTests.debug.xcconfig */ = {isa = PBXFileReference; includeInIndex = 1; lastKnownFileType = text.xcconfig; name = "Pods-BaseProjectTests.debug.xcconfig"; path = "Pods/Target Support Files/Pods-BaseProjectTests/Pods-BaseProjectTests.debug.xcconfig"; sourceTree = "<group>"; };
		B0B76CBC9200055FF341B70A /* Pods_BaseProjectUITests.framework */ = {isa = PBXFileReference; explicitFileType = wrapper.framework; includeInIndex = 0; path = Pods_BaseProjectUITests.framework; sourceTree = BUILT_PRODUCTS_DIR; };
		D09852FB21C48D160060F218 /* BaseProject.app */ = {isa = PBXFileReference; explicitFileType = wrapper.application; includeInIndex = 0; path = BaseProject.app; sourceTree = BUILT_PRODUCTS_DIR; };
		D09852FE21C48D160060F218 /* AppDelegate.swift */ = {isa = PBXFileReference; lastKnownFileType = sourcecode.swift; path = AppDelegate.swift; sourceTree = "<group>"; };
		D098530021C48D160060F218 /* ViewController.swift */ = {isa = PBXFileReference; lastKnownFileType = sourcecode.swift; path = ViewController.swift; sourceTree = "<group>"; };
		D098530321C48D160060F218 /* Base */ = {isa = PBXFileReference; lastKnownFileType = file.storyboard; name = Base; path = Base.lproj/Main.storyboard; sourceTree = "<group>"; };
		D098530521C48D170060F218 /* Assets.xcassets */ = {isa = PBXFileReference; lastKnownFileType = folder.assetcatalog; path = Assets.xcassets; sourceTree = "<group>"; };
		D098530821C48D170060F218 /* Base */ = {isa = PBXFileReference; lastKnownFileType = file.storyboard; name = Base; path = Base.lproj/LaunchScreen.storyboard; sourceTree = "<group>"; };
		D098530A21C48D170060F218 /* Info.plist */ = {isa = PBXFileReference; lastKnownFileType = text.plist.xml; path = Info.plist; sourceTree = "<group>"; };
		D098530F21C48D170060F218 /* BaseProjectTests.xctest */ = {isa = PBXFileReference; explicitFileType = wrapper.cfbundle; includeInIndex = 0; path = BaseProjectTests.xctest; sourceTree = BUILT_PRODUCTS_DIR; };
		D098531321C48D170060F218 /* BaseProjectTests.swift */ = {isa = PBXFileReference; lastKnownFileType = sourcecode.swift; path = BaseProjectTests.swift; sourceTree = "<group>"; };
		D098531521C48D170060F218 /* Info.plist */ = {isa = PBXFileReference; lastKnownFileType = text.plist.xml; path = Info.plist; sourceTree = "<group>"; };
		D098531A21C48D170060F218 /* BaseProjectUITests.xctest */ = {isa = PBXFileReference; explicitFileType = wrapper.cfbundle; includeInIndex = 0; path = BaseProjectUITests.xctest; sourceTree = BUILT_PRODUCTS_DIR; };
		D098531E21C48D170060F218 /* BaseProjectUITests.swift */ = {isa = PBXFileReference; lastKnownFileType = sourcecode.swift; path = BaseProjectUITests.swift; sourceTree = "<group>"; };
		D098532021C48D170060F218 /* Info.plist */ = {isa = PBXFileReference; lastKnownFileType = text.plist.xml; path = Info.plist; sourceTree = "<group>"; };
		E941F37C2BAA0E80A548E250 /* Pods-BaseProject-BaseProjectUITests.release.xcconfig */ = {isa = PBXFileReference; includeInIndex = 1; lastKnownFileType = text.xcconfig; name = "Pods-BaseProject-BaseProjectUITests.release.xcconfig"; path = "Pods/Target Support Files/Pods-BaseProject-BaseProjectUITests/Pods-BaseProject-BaseProjectUITests.release.xcconfig"; sourceTree = "<group>"; };
		EC2D05E149E4499CD637F5AA /* Pods_BaseProjectTests.framework */ = {isa = PBXFileReference; explicitFileType = wrapper.framework; includeInIndex = 0; path = Pods_BaseProjectTests.framework; sourceTree = BUILT_PRODUCTS_DIR; };
		F9ECEF5289D965CE77CF2399 /* Pods-BaseProject-BaseProjectTests.release.xcconfig */ = {isa = PBXFileReference; includeInIndex = 1; lastKnownFileType = text.xcconfig; name = "Pods-BaseProject-BaseProjectTests.release.xcconfig"; path = "Pods/Target Support Files/Pods-BaseProject-BaseProjectTests/Pods-BaseProject-BaseProjectTests.release.xcconfig"; sourceTree = "<group>"; };
		FE98C8591280CDA79AEDFB39 /* Pods_BaseProject_BaseProjectUITests.framework */ = {isa = PBXFileReference; explicitFileType = wrapper.framework; includeInIndex = 0; path = Pods_BaseProject_BaseProjectUITests.framework; sourceTree = BUILT_PRODUCTS_DIR; };
/* End PBXFileReference section */

/* Begin PBXFrameworksBuildPhase section */
		D09852F821C48D160060F218 /* Frameworks */ = {
			isa = PBXFrameworksBuildPhase;
			buildActionMask = 2147483647;
			files = (
				92FC64CA32488D32BC3F7A87 /* Pods_BaseProject.framework in Frameworks */,
			);
			runOnlyForDeploymentPostprocessing = 0;
		};
		D098530C21C48D170060F218 /* Frameworks */ = {
			isa = PBXFrameworksBuildPhase;
			buildActionMask = 2147483647;
			files = (
				7B8CCF42F66FE99567CF8028 /* Pods_BaseProjectTests.framework in Frameworks */,
				B7CE9168FB989E1240DAAAB1 /* Pods_BaseProject_BaseProjectTests.framework in Frameworks */,
			);
			runOnlyForDeploymentPostprocessing = 0;
		};
		D098531721C48D170060F218 /* Frameworks */ = {
			isa = PBXFrameworksBuildPhase;
			buildActionMask = 2147483647;
			files = (
				51AA49A39C659B172BF5918D /* Pods_BaseProjectUITests.framework in Frameworks */,
				4BB79B9067599F23A986D518 /* Pods_BaseProject_BaseProjectUITests.framework in Frameworks */,
			);
			runOnlyForDeploymentPostprocessing = 0;
		};
/* End PBXFrameworksBuildPhase section */

/* Begin PBXGroup section */
		C7287C1F5126281A0E3BFC42 /* Frameworks */ = {
			isa = PBXGroup;
			children = (
				3B9C71BC081F7CF3986368CC /* Pods_BaseProject.framework */,
				EC2D05E149E4499CD637F5AA /* Pods_BaseProjectTests.framework */,
				B0B76CBC9200055FF341B70A /* Pods_BaseProjectUITests.framework */,
				2077736AA54322EBF3486DF3 /* Pods_BaseProject_BaseProjectTests.framework */,
				FE98C8591280CDA79AEDFB39 /* Pods_BaseProject_BaseProjectUITests.framework */,
			);
			name = Frameworks;
			sourceTree = "<group>";
		};
		D0601DDC21C4953B00FD5432 /* Supporting Files */ = {
			isa = PBXGroup;
			children = (
				D09852FE21C48D160060F218 /* AppDelegate.swift */,
				D098530521C48D170060F218 /* Assets.xcassets */,
				D098530A21C48D170060F218 /* Info.plist */,
			);
			path = "Supporting Files";
			sourceTree = "<group>";
		};
		D0601DDD21C4958B00FD5432 /* Views */ = {
			isa = PBXGroup;
			children = (
				D098530221C48D160060F218 /* Main.storyboard */,
				D098530021C48D160060F218 /* ViewController.swift */,
			);
			path = Views;
			sourceTree = "<group>";
		};
		D0601DDE21C4959B00FD5432 /* ViewModels */ = {
			isa = PBXGroup;
			children = (
			);
			path = ViewModels;
			sourceTree = "<group>";
		};
		D0601DDF21C495A200FD5432 /* Models */ = {
			isa = PBXGroup;
			children = (
			);
			path = Models;
			sourceTree = "<group>";
		};
		D0601DE121C495E000FD5432 /* Utils */ = {
			isa = PBXGroup;
			children = (
			);
			path = Utils;
			sourceTree = "<group>";
		};
		D0601DE221C4961900FD5432 /* Extensions */ = {
			isa = PBXGroup;
			children = (
			);
			path = Extensions;
			sourceTree = "<group>";
		};
		D09852F221C48D160060F218 = {
			isa = PBXGroup;
			children = (
				D09852FD21C48D160060F218 /* BaseProject */,
				D098531221C48D170060F218 /* BaseProjectTests */,
				D098531D21C48D170060F218 /* BaseProjectUITests */,
				D09852FC21C48D160060F218 /* Products */,
				D8C1F77542B693A9D90EA123 /* Pods */,
				C7287C1F5126281A0E3BFC42 /* Frameworks */,
			);
			sourceTree = "<group>";
		};
		D09852FC21C48D160060F218 /* Products */ = {
			isa = PBXGroup;
			children = (
				D09852FB21C48D160060F218 /* BaseProject.app */,
				D098530F21C48D170060F218 /* BaseProjectTests.xctest */,
				D098531A21C48D170060F218 /* BaseProjectUITests.xctest */,
			);
			name = Products;
			sourceTree = "<group>";
		};
		D09852FD21C48D160060F218 /* BaseProject */ = {
			isa = PBXGroup;
			children = (
				D0601DE221C4961900FD5432 /* Extensions */,
				D0601DDC21C4953B00FD5432 /* Supporting Files */,
				D098530721C48D170060F218 /* LaunchScreen.storyboard */,
				D0601DDF21C495A200FD5432 /* Models */,
				D0601DDD21C4958B00FD5432 /* Views */,
				D0601DDE21C4959B00FD5432 /* ViewModels */,
				D0601DE121C495E000FD5432 /* Utils */,
			);
			path = BaseProject;
			sourceTree = "<group>";
		};
		D098531221C48D170060F218 /* BaseProjectTests */ = {
			isa = PBXGroup;
			children = (
				D098531321C48D170060F218 /* BaseProjectTests.swift */,
				D098531521C48D170060F218 /* Info.plist */,
			);
			path = BaseProjectTests;
			sourceTree = "<group>";
		};
		D098531D21C48D170060F218 /* BaseProjectUITests */ = {
			isa = PBXGroup;
			children = (
				D098531E21C48D170060F218 /* BaseProjectUITests.swift */,
				D098532021C48D170060F218 /* Info.plist */,
			);
			path = BaseProjectUITests;
			sourceTree = "<group>";
		};
		D8C1F77542B693A9D90EA123 /* Pods */ = {
			isa = PBXGroup;
			children = (
				A8DD51F6CAE2947F9402537A /* Pods-BaseProject.debug.xcconfig */,
				581CB731E4CBE90040D94768 /* Pods-BaseProject.release.xcconfig */,
				A9FCA07FB8B05BD4E288CB17 /* Pods-BaseProjectTests.debug.xcconfig */,
				550A47CD0074DEACCC5BDFEB /* Pods-BaseProjectTests.release.xcconfig */,
				82CFA51170017D9EF58C9A7F /* Pods-BaseProjectUITests.debug.xcconfig */,
				46A781C86CFEAB36A57D82BA /* Pods-BaseProjectUITests.release.xcconfig */,
				839156135A017A715727BC4A /* Pods-BaseProject-BaseProjectTests.debug.xcconfig */,
				F9ECEF5289D965CE77CF2399 /* Pods-BaseProject-BaseProjectTests.release.xcconfig */,
				2D0992ED98EF3FEC704ACA45 /* Pods-BaseProject-BaseProjectUITests.debug.xcconfig */,
				E941F37C2BAA0E80A548E250 /* Pods-BaseProject-BaseProjectUITests.release.xcconfig */,
			);
			name = Pods;
			sourceTree = "<group>";
		};
/* End PBXGroup section */

/* Begin PBXNativeTarget section */
		D09852FA21C48D160060F218 /* BaseProject */ = {
			isa = PBXNativeTarget;
			buildConfigurationList = D098532321C48D170060F218 /* Build configuration list for PBXNativeTarget "BaseProject" */;
			buildPhases = (
				EBE89BFC85BF573DF54F9ADF /* [CP] Check Pods Manifest.lock */,
				D09852F721C48D160060F218 /* Sources */,
				D09852F821C48D160060F218 /* Frameworks */,
				D09852F921C48D160060F218 /* Resources */,
				D0BE4B9E21C48F6600345DD6 /* ShellScript */,
			);
			buildRules = (
			);
			dependencies = (
			);
			name = BaseProject;
			productName = BaseProject;
			productReference = D09852FB21C48D160060F218 /* BaseProject.app */;
			productType = "com.apple.product-type.application";
		};
		D098530E21C48D170060F218 /* BaseProjectTests */ = {
			isa = PBXNativeTarget;
			buildConfigurationList = D098532621C48D170060F218 /* Build configuration list for PBXNativeTarget "BaseProjectTests" */;
			buildPhases = (
				1112607E2BD2647C1F664AB1 /* [CP] Check Pods Manifest.lock */,
				D098530B21C48D170060F218 /* Sources */,
				D098530C21C48D170060F218 /* Frameworks */,
				D098530D21C48D170060F218 /* Resources */,
				1A99E023ABB6C707F712B06E /* [CP] Embed Pods Frameworks */,
			);
			buildRules = (
			);
			dependencies = (
				D098531121C48D170060F218 /* PBXTargetDependency */,
			);
			name = BaseProjectTests;
			productName = BaseProjectTests;
			productReference = D098530F21C48D170060F218 /* BaseProjectTests.xctest */;
			productType = "com.apple.product-type.bundle.unit-test";
		};
		D098531921C48D170060F218 /* BaseProjectUITests */ = {
			isa = PBXNativeTarget;
			buildConfigurationList = D098532921C48D170060F218 /* Build configuration list for PBXNativeTarget "BaseProjectUITests" */;
			buildPhases = (
				FDD443E33E35680219125716 /* [CP] Check Pods Manifest.lock */,
				D098531621C48D170060F218 /* Sources */,
				D098531721C48D170060F218 /* Frameworks */,
				D098531821C48D170060F218 /* Resources */,
			);
			buildRules = (
			);
			dependencies = (
				D098531C21C48D170060F218 /* PBXTargetDependency */,
			);
			name = BaseProjectUITests;
			productName = BaseProjectUITests;
			productReference = D098531A21C48D170060F218 /* BaseProjectUITests.xctest */;
			productType = "com.apple.product-type.bundle.ui-testing";
		};
/* End PBXNativeTarget section */

/* Begin PBXProject section */
		D09852F321C48D160060F218 /* Project object */ = {
			isa = PBXProject;
			attributes = {
				LastSwiftUpdateCheck = 1010;
				LastUpgradeCheck = 1010;
				ORGANIZATIONNAME = "Gabriel Machado";
				TargetAttributes = {
					D09852FA21C48D160060F218 = {
						CreatedOnToolsVersion = 10.1;
					};
					D098530E21C48D170060F218 = {
						CreatedOnToolsVersion = 10.1;
						TestTargetID = D09852FA21C48D160060F218;
					};
					D098531921C48D170060F218 = {
						CreatedOnToolsVersion = 10.1;
						TestTargetID = D09852FA21C48D160060F218;
					};
				};
			};
			buildConfigurationList = D09852F621C48D160060F218 /* Build configuration list for PBXProject "BaseProject" */;
			compatibilityVersion = "Xcode 9.3";
			developmentRegion = en;
			hasScannedForEncodings = 0;
			knownRegions = (
				en,
				Base,
			);
			mainGroup = D09852F221C48D160060F218;
			productRefGroup = D09852FC21C48D160060F218 /* Products */;
			projectDirPath = "";
			projectRoot = "";
			targets = (
				D09852FA21C48D160060F218 /* BaseProject */,
				D098530E21C48D170060F218 /* BaseProjectTests */,
				D098531921C48D170060F218 /* BaseProjectUITests */,
			);
		};
/* End PBXProject section */

/* Begin PBXResourcesBuildPhase section */
		D09852F921C48D160060F218 /* Resources */ = {
			isa = PBXResourcesBuildPhase;
			buildActionMask = 2147483647;
			files = (
				D098530921C48D170060F218 /* LaunchScreen.storyboard in Resources */,
				D098530621C48D170060F218 /* Assets.xcassets in Resources */,
				D098530421C48D160060F218 /* Main.storyboard in Resources */,
			);
			runOnlyForDeploymentPostprocessing = 0;
		};
		D098530D21C48D170060F218 /* Resources */ = {
			isa = PBXResourcesBuildPhase;
			buildActionMask = 2147483647;
			files = (
			);
			runOnlyForDeploymentPostprocessing = 0;
		};
		D098531821C48D170060F218 /* Resources */ = {
			isa = PBXResourcesBuildPhase;
			buildActionMask = 2147483647;
			files = (
			);
			runOnlyForDeploymentPostprocessing = 0;
		};
/* End PBXResourcesBuildPhase section */

/* Begin PBXShellScriptBuildPhase section */
		1112607E2BD2647C1F664AB1 /* [CP] Check Pods Manifest.lock */ = {
			isa = PBXShellScriptBuildPhase;
			buildActionMask = 2147483647;
			files = (
			);
			inputPaths = (
				"${PODS_PODFILE_DIR_PATH}/Podfile.lock",
				"${PODS_ROOT}/Manifest.lock",
			);
			name = "[CP] Check Pods Manifest.lock";
			outputPaths = (
				"$(DERIVED_FILE_DIR)/Pods-BaseProjectTests-checkManifestLockResult.txt",
			);
			runOnlyForDeploymentPostprocessing = 0;
			shellPath = /bin/sh;
			shellScript = "diff \"${PODS_PODFILE_DIR_PATH}/Podfile.lock\" \"${PODS_ROOT}/Manifest.lock\" > /dev/null\nif [ $? != 0 ] ; then\n    # print error to STDERR\n    echo \"error: The sandbox is not in sync with the Podfile.lock. Run 'pod install' or update your CocoaPods installation.\" >&2\n    exit 1\nfi\n# This output is used by Xcode 'outputs' to avoid re-running this script phase.\necho \"SUCCESS\" > \"${SCRIPT_OUTPUT_FILE_0}\"\n";
			showEnvVarsInLog = 0;
		};
		1A99E023ABB6C707F712B06E /* [CP] Embed Pods Frameworks */ = {
			isa = PBXShellScriptBuildPhase;
			buildActionMask = 2147483647;
			files = (
			);
			inputPaths = (
				"${SRCROOT}/Pods/Target Support Files/Pods-BaseProjectTests/Pods-BaseProjectTests-frameworks.sh",
				"${BUILT_PRODUCTS_DIR}/Nimble/Nimble.framework",
				"${BUILT_PRODUCTS_DIR}/Quick/Quick.framework",
			);
			name = "[CP] Embed Pods Frameworks";
			outputPaths = (
				"${TARGET_BUILD_DIR}/${FRAMEWORKS_FOLDER_PATH}/Nimble.framework",
				"${TARGET_BUILD_DIR}/${FRAMEWORKS_FOLDER_PATH}/Quick.framework",
			);
			runOnlyForDeploymentPostprocessing = 0;
			shellPath = /bin/sh;
			shellScript = "\"${SRCROOT}/Pods/Target Support Files/Pods-BaseProjectTests/Pods-BaseProjectTests-frameworks.sh\"\n";
			showEnvVarsInLog = 0;
		};
		D0BE4B9E21C48F6600345DD6 /* ShellScript */ = {
			isa = PBXShellScriptBuildPhase;
			buildActionMask = 2147483647;
			files = (
			);
			inputFileListPaths = (
			);
			inputPaths = (
			);
			outputFileListPaths = (
			);
			outputPaths = (
			);
			runOnlyForDeploymentPostprocessing = 0;
			shellPath = /bin/sh;
			shellScript = "\"${PODS_ROOT}/SwiftLint/swiftlint\"\n";
		};
		EBE89BFC85BF573DF54F9ADF /* [CP] Check Pods Manifest.lock */ = {
			isa = PBXShellScriptBuildPhase;
			buildActionMask = 2147483647;
			files = (
			);
			inputPaths = (
				"${PODS_PODFILE_DIR_PATH}/Podfile.lock",
				"${PODS_ROOT}/Manifest.lock",
			);
			name = "[CP] Check Pods Manifest.lock";
			outputPaths = (
				"$(DERIVED_FILE_DIR)/Pods-BaseProject-checkManifestLockResult.txt",
			);
			runOnlyForDeploymentPostprocessing = 0;
			shellPath = /bin/sh;
			shellScript = "diff \"${PODS_PODFILE_DIR_PATH}/Podfile.lock\" \"${PODS_ROOT}/Manifest.lock\" > /dev/null\nif [ $? != 0 ] ; then\n    # print error to STDERR\n    echo \"error: The sandbox is not in sync with the Podfile.lock. Run 'pod install' or update your CocoaPods installation.\" >&2\n    exit 1\nfi\n# This output is used by Xcode 'outputs' to avoid re-running this script phase.\necho \"SUCCESS\" > \"${SCRIPT_OUTPUT_FILE_0}\"\n";
			showEnvVarsInLog = 0;
		};
		FDD443E33E35680219125716 /* [CP] Check Pods Manifest.lock */ = {
			isa = PBXShellScriptBuildPhase;
			buildActionMask = 2147483647;
			files = (
			);
			inputPaths = (
				"${PODS_PODFILE_DIR_PATH}/Podfile.lock",
				"${PODS_ROOT}/Manifest.lock",
			);
			name = "[CP] Check Pods Manifest.lock";
			outputPaths = (
				"$(DERIVED_FILE_DIR)/Pods-BaseProjectUITests-checkManifestLockResult.txt",
			);
			runOnlyForDeploymentPostprocessing = 0;
			shellPath = /bin/sh;
			shellScript = "diff \"${PODS_PODFILE_DIR_PATH}/Podfile.lock\" \"${PODS_ROOT}/Manifest.lock\" > /dev/null\nif [ $? != 0 ] ; then\n    # print error to STDERR\n    echo \"error: The sandbox is not in sync with the Podfile.lock. Run 'pod install' or update your CocoaPods installation.\" >&2\n    exit 1\nfi\n# This output is used by Xcode 'outputs' to avoid re-running this script phase.\necho \"SUCCESS\" > \"${SCRIPT_OUTPUT_FILE_0}\"\n";
			showEnvVarsInLog = 0;
		};
/* End PBXShellScriptBuildPhase section */

/* Begin PBXSourcesBuildPhase section */
		D09852F721C48D160060F218 /* Sources */ = {
			isa = PBXSourcesBuildPhase;
			buildActionMask = 2147483647;
			files = (
				D098530121C48D160060F218 /* ViewController.swift in Sources */,
				D09852FF21C48D160060F218 /* AppDelegate.swift in Sources */,
			);
			runOnlyForDeploymentPostprocessing = 0;
		};
		D098530B21C48D170060F218 /* Sources */ = {
			isa = PBXSourcesBuildPhase;
			buildActionMask = 2147483647;
			files = (
				D098531421C48D170060F218 /* BaseProjectTests.swift in Sources */,
			);
			runOnlyForDeploymentPostprocessing = 0;
		};
		D098531621C48D170060F218 /* Sources */ = {
			isa = PBXSourcesBuildPhase;
			buildActionMask = 2147483647;
			files = (
				D098531F21C48D170060F218 /* BaseProjectUITests.swift in Sources */,
			);
			runOnlyForDeploymentPostprocessing = 0;
		};
/* End PBXSourcesBuildPhase section */

/* Begin PBXTargetDependency section */
		D098531121C48D170060F218 /* PBXTargetDependency */ = {
			isa = PBXTargetDependency;
			target = D09852FA21C48D160060F218 /* BaseProject */;
			targetProxy = D098531021C48D170060F218 /* PBXContainerItemProxy */;
		};
		D098531C21C48D170060F218 /* PBXTargetDependency */ = {
			isa = PBXTargetDependency;
			target = D09852FA21C48D160060F218 /* BaseProject */;
			targetProxy = D098531B21C48D170060F218 /* PBXContainerItemProxy */;
		};
/* End PBXTargetDependency section */

/* Begin PBXVariantGroup section */
		D098530221C48D160060F218 /* Main.storyboard */ = {
			isa = PBXVariantGroup;
			children = (
				D098530321C48D160060F218 /* Base */,
			);
			name = Main.storyboard;
			sourceTree = "<group>";
		};
		D098530721C48D170060F218 /* LaunchScreen.storyboard */ = {
			isa = PBXVariantGroup;
			children = (
				D098530821C48D170060F218 /* Base */,
			);
			name = LaunchScreen.storyboard;
			sourceTree = "<group>";
		};
/* End PBXVariantGroup section */

/* Begin XCBuildConfiguration section */
		D098532121C48D170060F218 /* Debug */ = {
			isa = XCBuildConfiguration;
			buildSettings = {
				ALWAYS_SEARCH_USER_PATHS = NO;
				CLANG_ANALYZER_NONNULL = YES;
				CLANG_ANALYZER_NUMBER_OBJECT_CONVERSION = YES_AGGRESSIVE;
				CLANG_CXX_LANGUAGE_STANDARD = "gnu++14";
				CLANG_CXX_LIBRARY = "libc++";
				CLANG_ENABLE_MODULES = YES;
				CLANG_ENABLE_OBJC_ARC = YES;
				CLANG_ENABLE_OBJC_WEAK = YES;
				CLANG_WARN_BLOCK_CAPTURE_AUTORELEASING = YES;
				CLANG_WARN_BOOL_CONVERSION = YES;
				CLANG_WARN_COMMA = YES;
				CLANG_WARN_CONSTANT_CONVERSION = YES;
				CLANG_WARN_DEPRECATED_OBJC_IMPLEMENTATIONS = YES;
				CLANG_WARN_DIRECT_OBJC_ISA_USAGE = YES_ERROR;
				CLANG_WARN_DOCUMENTATION_COMMENTS = YES;
				CLANG_WARN_EMPTY_BODY = YES;
				CLANG_WARN_ENUM_CONVERSION = YES;
				CLANG_WARN_INFINITE_RECURSION = YES;
				CLANG_WARN_INT_CONVERSION = YES;
				CLANG_WARN_NON_LITERAL_NULL_CONVERSION = YES;
				CLANG_WARN_OBJC_IMPLICIT_RETAIN_SELF = YES;
				CLANG_WARN_OBJC_LITERAL_CONVERSION = YES;
				CLANG_WARN_OBJC_ROOT_CLASS = YES_ERROR;
				CLANG_WARN_RANGE_LOOP_ANALYSIS = YES;
				CLANG_WARN_STRICT_PROTOTYPES = YES;
				CLANG_WARN_SUSPICIOUS_MOVE = YES;
				CLANG_WARN_UNGUARDED_AVAILABILITY = YES_AGGRESSIVE;
				CLANG_WARN_UNREACHABLE_CODE = YES;
				CLANG_WARN__DUPLICATE_METHOD_MATCH = YES;
				CODE_SIGN_IDENTITY = "iPhone Developer";
				COPY_PHASE_STRIP = NO;
				DEBUG_INFORMATION_FORMAT = dwarf;
				ENABLE_STRICT_OBJC_MSGSEND = YES;
				ENABLE_TESTABILITY = YES;
				GCC_C_LANGUAGE_STANDARD = gnu11;
				GCC_DYNAMIC_NO_PIC = NO;
				GCC_NO_COMMON_BLOCKS = YES;
				GCC_OPTIMIZATION_LEVEL = 0;
				GCC_PREPROCESSOR_DEFINITIONS = (
					"DEBUG=1",
					"$(inherited)",
				);
				GCC_WARN_64_TO_32_BIT_CONVERSION = YES;
				GCC_WARN_ABOUT_RETURN_TYPE = YES_ERROR;
				GCC_WARN_UNDECLARED_SELECTOR = YES;
				GCC_WARN_UNINITIALIZED_AUTOS = YES_AGGRESSIVE;
				GCC_WARN_UNUSED_FUNCTION = YES;
				GCC_WARN_UNUSED_VARIABLE = YES;
				IPHONEOS_DEPLOYMENT_TARGET = 12.1;
				MTL_ENABLE_DEBUG_INFO = INCLUDE_SOURCE;
				MTL_FAST_MATH = YES;
				ONLY_ACTIVE_ARCH = YES;
				SDKROOT = iphoneos;
				SWIFT_ACTIVE_COMPILATION_CONDITIONS = DEBUG;
				SWIFT_OPTIMIZATION_LEVEL = "-Onone";
			};
			name = Debug;
		};
		D098532221C48D170060F218 /* Release */ = {
			isa = XCBuildConfiguration;
			buildSettings = {
				ALWAYS_SEARCH_USER_PATHS = NO;
				CLANG_ANALYZER_NONNULL = YES;
				CLANG_ANALYZER_NUMBER_OBJECT_CONVERSION = YES_AGGRESSIVE;
				CLANG_CXX_LANGUAGE_STANDARD = "gnu++14";
				CLANG_CXX_LIBRARY = "libc++";
				CLANG_ENABLE_MODULES = YES;
				CLANG_ENABLE_OBJC_ARC = YES;
				CLANG_ENABLE_OBJC_WEAK = YES;
				CLANG_WARN_BLOCK_CAPTURE_AUTORELEASING = YES;
				CLANG_WARN_BOOL_CONVERSION = YES;
				CLANG_WARN_COMMA = YES;
				CLANG_WARN_CONSTANT_CONVERSION = YES;
				CLANG_WARN_DEPRECATED_OBJC_IMPLEMENTATIONS = YES;
				CLANG_WARN_DIRECT_OBJC_ISA_USAGE = YES_ERROR;
				CLANG_WARN_DOCUMENTATION_COMMENTS = YES;
				CLANG_WARN_EMPTY_BODY = YES;
				CLANG_WARN_ENUM_CONVERSION = YES;
				CLANG_WARN_INFINITE_RECURSION = YES;
				CLANG_WARN_INT_CONVERSION = YES;
				CLANG_WARN_NON_LITERAL_NULL_CONVERSION = YES;
				CLANG_WARN_OBJC_IMPLICIT_RETAIN_SELF = YES;
				CLANG_WARN_OBJC_LITERAL_CONVERSION = YES;
				CLANG_WARN_OBJC_ROOT_CLASS = YES_ERROR;
				CLANG_WARN_RANGE_LOOP_ANALYSIS = YES;
				CLANG_WARN_STRICT_PROTOTYPES = YES;
				CLANG_WARN_SUSPICIOUS_MOVE = YES;
				CLANG_WARN_UNGUARDED_AVAILABILITY = YES_AGGRESSIVE;
				CLANG_WARN_UNREACHABLE_CODE = YES;
				CLANG_WARN__DUPLICATE_METHOD_MATCH = YES;
				CODE_SIGN_IDENTITY = "iPhone Developer";
				COPY_PHASE_STRIP = NO;
				DEBUG_INFORMATION_FORMAT = "dwarf-with-dsym";
				ENABLE_NS_ASSERTIONS = NO;
				ENABLE_STRICT_OBJC_MSGSEND = YES;
				GCC_C_LANGUAGE_STANDARD = gnu11;
				GCC_NO_COMMON_BLOCKS = YES;
				GCC_WARN_64_TO_32_BIT_CONVERSION = YES;
				GCC_WARN_ABOUT_RETURN_TYPE = YES_ERROR;
				GCC_WARN_UNDECLARED_SELECTOR = YES;
				GCC_WARN_UNINITIALIZED_AUTOS = YES_AGGRESSIVE;
				GCC_WARN_UNUSED_FUNCTION = YES;
				GCC_WARN_UNUSED_VARIABLE = YES;
				IPHONEOS_DEPLOYMENT_TARGET = 12.1;
				MTL_ENABLE_DEBUG_INFO = NO;
				MTL_FAST_MATH = YES;
				SDKROOT = iphoneos;
				SWIFT_COMPILATION_MODE = wholemodule;
				SWIFT_OPTIMIZATION_LEVEL = "-O";
				VALIDATE_PRODUCT = YES;
			};
			name = Release;
		};
		D098532421C48D170060F218 /* Debug */ = {
			isa = XCBuildConfiguration;
			baseConfigurationReference = A8DD51F6CAE2947F9402537A /* Pods-BaseProject.debug.xcconfig */;
			buildSettings = {
				ASSETCATALOG_COMPILER_APPICON_NAME = AppIcon;
				CODE_SIGN_STYLE = Automatic;
				DEVELOPMENT_TEAM = 7J4J32FSER;
				INFOPLIST_FILE = BaseProject/Info.plist;
				LD_RUNPATH_SEARCH_PATHS = (
					"$(inherited)",
					"@executable_path/Frameworks",
				);
				PRODUCT_BUNDLE_IDENTIFIER = machado.BaseProject;
				PRODUCT_NAME = "$(TARGET_NAME)";
				SWIFT_VERSION = 4.2;
				TARGETED_DEVICE_FAMILY = "1,2";
			};
			name = Debug;
		};
		D098532521C48D170060F218 /* Release */ = {
			isa = XCBuildConfiguration;
			baseConfigurationReference = 581CB731E4CBE90040D94768 /* Pods-BaseProject.release.xcconfig */;
			buildSettings = {
				ASSETCATALOG_COMPILER_APPICON_NAME = AppIcon;
				CODE_SIGN_STYLE = Automatic;
				DEVELOPMENT_TEAM = 7J4J32FSER;
				INFOPLIST_FILE = BaseProject/Info.plist;
				LD_RUNPATH_SEARCH_PATHS = (
					"$(inherited)",
					"@executable_path/Frameworks",
				);
				PRODUCT_BUNDLE_IDENTIFIER = machado.BaseProject;
				PRODUCT_NAME = "$(TARGET_NAME)";
				SWIFT_VERSION = 4.2;
				TARGETED_DEVICE_FAMILY = "1,2";
			};
			name = Release;
		};
		D098532721C48D170060F218 /* Debug */ = {
			isa = XCBuildConfiguration;
			baseConfigurationReference = A9FCA07FB8B05BD4E288CB17 /* Pods-BaseProjectTests.debug.xcconfig */;
			buildSettings = {
				ALWAYS_EMBED_SWIFT_STANDARD_LIBRARIES = YES;
				BUNDLE_LOADER = "$(TEST_HOST)";
				CODE_SIGN_STYLE = Automatic;
				DEVELOPMENT_TEAM = 7J4J32FSER;
				INFOPLIST_FILE = BaseProjectTests/Info.plist;
				LD_RUNPATH_SEARCH_PATHS = (
					"$(inherited)",
					"@executable_path/Frameworks",
					"@loader_path/Frameworks",
				);
				PRODUCT_BUNDLE_IDENTIFIER = machado.BaseProjectTests;
				PRODUCT_NAME = "$(TARGET_NAME)";
				SWIFT_VERSION = 4.2;
				TARGETED_DEVICE_FAMILY = "1,2";
				TEST_HOST = "$(BUILT_PRODUCTS_DIR)/BaseProject.app/BaseProject";
			};
			name = Debug;
		};
		D098532821C48D170060F218 /* Release */ = {
			isa = XCBuildConfiguration;
			baseConfigurationReference = 550A47CD0074DEACCC5BDFEB /* Pods-BaseProjectTests.release.xcconfig */;
			buildSettings = {
				ALWAYS_EMBED_SWIFT_STANDARD_LIBRARIES = YES;
				BUNDLE_LOADER = "$(TEST_HOST)";
				CODE_SIGN_STYLE = Automatic;
				DEVELOPMENT_TEAM = 7J4J32FSER;
				INFOPLIST_FILE = BaseProjectTests/Info.plist;
				LD_RUNPATH_SEARCH_PATHS = (
					"$(inherited)",
					"@executable_path/Frameworks",
					"@loader_path/Frameworks",
				);
				PRODUCT_BUNDLE_IDENTIFIER = machado.BaseProjectTests;
				PRODUCT_NAME = "$(TARGET_NAME)";
				SWIFT_VERSION = 4.2;
				TARGETED_DEVICE_FAMILY = "1,2";
				TEST_HOST = "$(BUILT_PRODUCTS_DIR)/BaseProject.app/BaseProject";
			};
			name = Release;
		};
		D098532A21C48D170060F218 /* Debug */ = {
			isa = XCBuildConfiguration;
			baseConfigurationReference = 82CFA51170017D9EF58C9A7F /* Pods-BaseProjectUITests.debug.xcconfig */;
			buildSettings = {
				ALWAYS_EMBED_SWIFT_STANDARD_LIBRARIES = YES;
				CODE_SIGN_STYLE = Automatic;
				DEVELOPMENT_TEAM = 7J4J32FSER;
				INFOPLIST_FILE = BaseProjectUITests/Info.plist;
				LD_RUNPATH_SEARCH_PATHS = (
					"$(inherited)",
					"@executable_path/Frameworks",
					"@loader_path/Frameworks",
				);
				PRODUCT_BUNDLE_IDENTIFIER = machado.BaseProjectUITests;
				PRODUCT_NAME = "$(TARGET_NAME)";
				SWIFT_VERSION = 4.2;
				TARGETED_DEVICE_FAMILY = "1,2";
				TEST_TARGET_NAME = BaseProject;
			};
			name = Debug;
		};
		D098532B21C48D170060F218 /* Release */ = {
			isa = XCBuildConfiguration;
			baseConfigurationReference = 46A781C86CFEAB36A57D82BA /* Pods-BaseProjectUITests.release.xcconfig */;
			buildSettings = {
				ALWAYS_EMBED_SWIFT_STANDARD_LIBRARIES = YES;
				CODE_SIGN_STYLE = Automatic;
				DEVELOPMENT_TEAM = 7J4J32FSER;
				INFOPLIST_FILE = BaseProjectUITests/Info.plist;
				LD_RUNPATH_SEARCH_PATHS = (
					"$(inherited)",
					"@executable_path/Frameworks",
					"@loader_path/Frameworks",
				);
				PRODUCT_BUNDLE_IDENTIFIER = machado.BaseProjectUITests;
				PRODUCT_NAME = "$(TARGET_NAME)";
				SWIFT_VERSION = 4.2;
				TARGETED_DEVICE_FAMILY = "1,2";
				TEST_TARGET_NAME = BaseProject;
			};
			name = Release;
		};
/* End XCBuildConfiguration section */

/* Begin XCConfigurationList section */
		D09852F621C48D160060F218 /* Build configuration list for PBXProject "BaseProject" */ = {
			isa = XCConfigurationList;
			buildConfigurations = (
				D098532121C48D170060F218 /* Debug */,
				D098532221C48D170060F218 /* Release */,
			);
			defaultConfigurationIsVisible = 0;
			defaultConfigurationName = Release;
		};
		D098532321C48D170060F218 /* Build configuration list for PBXNativeTarget "BaseProject" */ = {
			isa = XCConfigurationList;
			buildConfigurations = (
				D098532421C48D170060F218 /* Debug */,
				D098532521C48D170060F218 /* Release */,
			);
			defaultConfigurationIsVisible = 0;
			defaultConfigurationName = Release;
		};
		D098532621C48D170060F218 /* Build configuration list for PBXNativeTarget "BaseProjectTests" */ = {
			isa = XCConfigurationList;
			buildConfigurations = (
				D098532721C48D170060F218 /* Debug */,
				D098532821C48D170060F218 /* Release */,
			);
			defaultConfigurationIsVisible = 0;
			defaultConfigurationName = Release;
		};
		D098532921C48D170060F218 /* Build configuration list for PBXNativeTarget "BaseProjectUITests" */ = {
			isa = XCConfigurationList;
			buildConfigurations = (
				D098532A21C48D170060F218 /* Debug */,
				D098532B21C48D170060F218 /* Release */,
			);
			defaultConfigurationIsVisible = 0;
			defaultConfigurationName = Release;
		};
/* End XCConfigurationList section */
	};
	rootObject = D09852F321C48D160060F218 /* Project object */;
}
